
Microsoft Visual Studio Solution File, Format Version 12.00
# Visual Studio Version 17
VisualStudioVersion = 17.4.33205.214
MinimumVisualStudioVersion = 10.0.40219.1
Project("{FAE04EC0-301F-11D3-BF4B-00C04F79EFBC}") = "Session-09", "Session-09\Session-09.csproj", "{74976304-BE86-4AFE-B08D-8CC67B53909A}"
EndProject
Project("{FAE04EC0-301F-11D3-BF4B-00C04F79EFBC}") = "CalculatorLibrary", "CalculatorLibrary\CalculatorLibrary.csproj", "{316A180F-7ECF-458C-931A-4276C5044D76}"
EndProject
Global
	GlobalSection(SolutionConfigurationPlatforms) = preSolution
		Debug|Any CPU = Debug|Any CPU
		Release|Any CPU = Release|Any CPU
	EndGlobalSection
	GlobalSection(ProjectConfigurationPlatforms) = postSolution
		{74976304-BE86-4AFE-B08D-8CC67B53909A}.Debug|Any CPU.ActiveCfg = Debug|Any CPU
		{74976304-BE86-4AFE-B08D-8CC67B53909A}.Debug|Any CPU.Build.0 = Debug|Any CPU
		{74976304-BE86-4AFE-B08D-8CC67B53909A}.Release|Any CPU.ActiveCfg = Release|Any CPU
		{74976304-BE86-4AFE-B08D-8CC67B53909A}.Release|Any CPU.Build.0 = Release|Any CPU
		{316A180F-7ECF-458C-931A-4276C5044D76}.Debug|Any CPU.ActiveCfg = Debug|Any CPU
		{316A180F-7ECF-458C-931A-4276C5044D76}.Debug|Any CPU.Build.0 = Debug|Any CPU
		{316A180F-7ECF-458C-931A-4276C5044D76}.Release|Any CPU.ActiveCfg = Release|Any CPU
		{316A180F-7ECF-458C-931A-4276C5044D76}.Release|Any CPU.Build.0 = Release|Any CPU
	EndGlobalSection
	GlobalSection(SolutionProperties) = preSolution
		HideSolutionNode = FALSE
	EndGlobalSection
	GlobalSection(ExtensibilityGlobals) = postSolution
		SolutionGuid = {4AC670C9-AA02-4805-8407-55F087A67F03}
	EndGlobalSection
EndGlobal
