
Microsoft Visual Studio Solution File, Format Version 12.00
# Visual Studio Version 17
VisualStudioVersion = 17.4.33205.214
MinimumVisualStudioVersion = 10.0.40219.1
Project("{FAE04EC0-301F-11D3-BF4B-00C04F79EFBC}") = "Session-04", "Session-04\Session-04.csproj", "{26B23DB8-74B6-4C53-95BB-ABDCE103B14E}"
EndProject
Global
	GlobalSection(SolutionConfigurationPlatforms) = preSolution
		Debug|Any CPU = Debug|Any CPU
		Release|Any CPU = Release|Any CPU
	EndGlobalSection
	GlobalSection(ProjectConfigurationPlatforms) = postSolution
		{26B23DB8-74B6-4C53-95BB-ABDCE103B14E}.Debug|Any CPU.ActiveCfg = Debug|Any CPU
		{26B23DB8-74B6-4C53-95BB-ABDCE103B14E}.Debug|Any CPU.Build.0 = Debug|Any CPU
		{26B23DB8-74B6-4C53-95BB-ABDCE103B14E}.Release|Any CPU.ActiveCfg = Release|Any CPU
		{26B23DB8-74B6-4C53-95BB-ABDCE103B14E}.Release|Any CPU.Build.0 = Release|Any CPU
	EndGlobalSection
	GlobalSection(SolutionProperties) = preSolution
		HideSolutionNode = FALSE
	EndGlobalSection
	GlobalSection(ExtensibilityGlobals) = postSolution
		SolutionGuid = {ED1A2E73-0E81-4F01-864F-BC8EE1784D6D}
	EndGlobalSection
EndGlobal
